# THIS IS AN AUTOGENERATED FILE. DO NOT EDIT THIS FILE DIRECTLY.
# yarn lockfile v1


"@polka/url@^1.0.0-next.9":
  version "1.0.0-next.12"
  resolved "https://artifactory.banno-tools.com/artifactory/api/npm/npm/@polka/url/-/url-1.0.0-next.12.tgz#431ec342a7195622f86688bbda82e3166ce8cb28"
  integrity sha1-Qx7DQqcZViL4Zoi72oLjFmzoyyg=

acorn-walk@^8.0.0:
  version "8.0.2"
  resolved "https://artifactory.banno-tools.com/artifactory/api/npm/npm/acorn-walk/-/acorn-walk-8.0.2.tgz#d4632bfc63fd93d0f15fd05ea0e984ffd3f5a8c3"
  integrity sha1-1GMr/GP9k9DxX9BeoOmE/9P1qMM=

acorn@8.x, acorn@^8.0.4:
  version "8.1.1"
  resolved "https://artifactory.banno-tools.com/artifactory/api/npm/npm/acorn/-/acorn-8.1.1.tgz#fb0026885b9ac9f48bac1e185e4af472971149ff"
  integrity sha1-+wAmiFuayfSLrB4YXkr0cpcRSf8=

ansi-styles@^4.1.0:
  version "4.3.0"
  resolved "https://artifactory.banno-tools.com/artifactory/api/npm/npm/ansi-styles/-/ansi-styles-4.3.0.tgz#edd803628ae71c04c85ae7a0906edad34b648937"
  integrity sha1-7dgDYornHATIWuegkG7a00tkiTc=
  dependencies:
    color-convert "^2.0.1"

chalk@^4.1.0:
  version "4.1.1"
  resolved "https://artifactory.banno-tools.com/artifactory/api/npm/npm/chalk/-/chalk-4.1.1.tgz#c80b3fab28bf6371e6863325eee67e618b77e6ad"
  integrity sha1-yAs/qyi/Y3HmhjMl7uZ+YYt35q0=
  dependencies:
    ansi-styles "^4.1.0"
    supports-color "^7.1.0"

color-convert@^2.0.1:
  version "2.0.1"
  resolved "https://artifactory.banno-tools.com/artifactory/api/npm/npm/color-convert/-/color-convert-2.0.1.tgz#72d3a68d598c9bdb3af2ad1e84f21d896abd4de3"
  integrity sha1-ctOmjVmMm9s68q0ehPIdiWq9TeM=
  dependencies:
    color-name "~1.1.4"

color-name@~1.1.4:
  version "1.1.4"
  resolved "https://artifactory.banno-tools.com/artifactory/api/npm/npm/color-name/-/color-name-1.1.4.tgz#c2a09a87acbde69543de6f63fa3995c826c536a2"
  integrity sha1-wqCah6y95pVD3m9j+jmVyCbFNqI=

commander@^6.2.0:
  version "6.2.1"
  resolved "https://artifactory.banno-tools.com/artifactory/api/npm/npm/commander/-/commander-6.2.1.tgz#0792eb682dfbc325999bb2b84fddddba110ac73c"
  integrity sha1-B5LraC37wyWZm7K4T93duhEKxzw=

duplexer@^0.1.2:
  version "0.1.2"
  resolved "https://artifactory.banno-tools.com/artifactory/api/npm/npm/duplexer/-/duplexer-0.1.2.tgz#3abe43aef3835f8ae077d136ddce0f276b0400e6"
  integrity sha1-Or5DrvODX4rgd9E23c4PJ2sEAOY=

gzip-size@^6.0.0:
  version "6.0.0"
  resolved "https://artifactory.banno-tools.com/artifactory/api/npm/npm/gzip-size/-/gzip-size-6.0.0.tgz#065367fd50c239c0671cbcbad5be3e2eeb10e462"
  integrity sha1-BlNn/VDCOcBnHLy61b4+LusQ5GI=
  dependencies:
    duplexer "^0.1.2"

has-flag@^4.0.0:
  version "4.0.0"
  resolved "https://artifactory.banno-tools.com/artifactory/api/npm/npm/has-flag/-/has-flag-4.0.0.tgz#944771fd9c81c81265c4d6941860da06bb59479b"
  integrity sha1-lEdx/ZyByBJlxNaUGGDaBrtZR5s=

lodash@^4.17.20:
  version "4.17.21"
  resolved "https://artifactory.banno-tools.com/artifactory/api/npm/npm/lodash/-/lodash-4.17.21.tgz#679591c564c3bffaae8454cf0b3df370c3d6911c"
  integrity sha1-Z5WRxWTDv/quhFTPCz3zcMPWkRw=

mime@^2.3.1:
  version "2.5.2"
  resolved "https://artifactory.banno-tools.com/artifactory/api/npm/npm/mime/-/mime-2.5.2.tgz#6e3dc6cc2b9510643830e5f19d5cb753da5eeabe"
  integrity sha1-bj3GzCuVEGQ4MOXxnVy3U9pe6r4=

minimist@1.x:
  version "1.2.5"
  resolved "https://artifactory.banno-tools.com/artifactory/api/npm/npm/minimist/-/minimist-1.2.5.tgz#67d66014b66a6a8aaa0c083c5fd58df4e4e97602"
  integrity sha1-Z9ZgFLZqaoqqDAg8X9WN9OTpdgI=

opener@^1.5.2:
  version "1.5.2"
  resolved "https://artifactory.banno-tools.com/artifactory/api/npm/npm/opener/-/opener-1.5.2.tgz#5d37e1f35077b9dcac4301372271afdeb2a13598"
  integrity sha1-XTfh81B3udysQwE3InGv3rKhNZg=

sirv@^1.0.7:
  version "1.0.11"
  resolved "https://artifactory.banno-tools.com/artifactory/api/npm/npm/sirv/-/sirv-1.0.11.tgz#81c19a29202048507d6ec0d8ba8910fda52eb5a4"
  integrity sha1-gcGaKSAgSFB9bsDYuokQ/aUutaQ=
  dependencies:
    "@polka/url" "^1.0.0-next.9"
    mime "^2.3.1"
    totalist "^1.0.0"

source-map@0.x:
  version "0.7.3"
  resolved "https://artifactory.banno-tools.com/artifactory/api/npm/npm/source-map/-/source-map-0.7.3.tgz#5302f8169031735226544092e64981f751750383"
  integrity sha1-UwL4FpAxc1ImVECS5kmB91F1A4M=

supports-color@^7.1.0:
  version "7.2.0"
  resolved "https://artifactory.banno-tools.com/artifactory/api/npm/npm/supports-color/-/supports-color-7.2.0.tgz#1b7dcdcb32b8138801b3e478ba6a51caa89648da"
  integrity sha1-G33NyzK4E4gBs+R4umpRyqiWSNo=
  dependencies:
    has-flag "^4.0.0"

totalist@^1.0.0:
  version "1.1.0"
  resolved "https://artifactory.banno-tools.com/artifactory/api/npm/npm/totalist/-/totalist-1.1.0.tgz#a4d65a3e546517701e3e5c37a47a70ac97fe56df"
  integrity sha1-pNZaPlRlF3AePlw3pHpwrJf+Vt8=

webpack-bundle-analyzer@4.x:
  version "4.4.1"
  resolved "https://artifactory.banno-tools.com/artifactory/api/npm/npm/webpack-bundle-analyzer/-/webpack-bundle-analyzer-4.4.1.tgz#c71fb2eaffc10a4754d7303b224adb2342069da1"
  integrity sha1-xx+y6v/BCkdU1zA7IkrbI0IGnaE=
  dependencies:
    acorn "^8.0.4"
    acorn-walk "^8.0.0"
    chalk "^4.1.0"
    commander "^6.2.0"
    gzip-size "^6.0.0"
    lodash "^4.17.20"
    opener "^1.5.2"
    sirv "^1.0.7"
    ws "^7.3.1"

ws@^7.3.1:
  version "7.4.5"
  resolved "https://artifactory.banno-tools.com/artifactory/api/npm/npm/ws/-/ws-7.4.5.tgz#a484dd851e9beb6fdb420027e3885e8ce48986c1"
  integrity sha1-pITdhR6b62/bQgAn44hejOSJhsE=
